
Microsoft Visual Studio Solution File, Format Version 12.00
# Visual Studio Version 16
VisualStudioVersion = 16.0.30503.244
MinimumVisualStudioVersion = 10.0.40219.1
Project("{FAE04EC0-301F-11D3-BF4B-00C04F79EFBC}") = "AOrdenacionBurbuja", "AOrdenacionBurbuja\AOrdenacionBurbuja.csproj", "{A067ECA2-EA46-47EB-83F1-07B66D6A2ED1}"
EndProject
Global
	GlobalSection(SolutionConfigurationPlatforms) = preSolution
		Debug|Any CPU = Debug|Any CPU
		Release|Any CPU = Release|Any CPU
	EndGlobalSection
	GlobalSection(ProjectConfigurationPlatforms) = postSolution
		{A067ECA2-EA46-47EB-83F1-07B66D6A2ED1}.Debug|Any CPU.ActiveCfg = Debug|Any CPU
		{A067ECA2-EA46-47EB-83F1-07B66D6A2ED1}.Debug|Any CPU.Build.0 = Debug|Any CPU
		{A067ECA2-EA46-47EB-83F1-07B66D6A2ED1}.Release|Any CPU.ActiveCfg = Release|Any CPU
		{A067ECA2-EA46-47EB-83F1-07B66D6A2ED1}.Release|Any CPU.Build.0 = Release|Any CPU
	EndGlobalSection
	GlobalSection(SolutionProperties) = preSolution
		HideSolutionNode = FALSE
	EndGlobalSection
	GlobalSection(ExtensibilityGlobals) = postSolution
		SolutionGuid = {3C62A97A-8451-49AB-9920-23269272B085}
	EndGlobalSection
EndGlobal
