
Microsoft Visual Studio Solution File, Format Version 12.00
# Visual Studio Version 16
VisualStudioVersion = 16.0.30523.141
MinimumVisualStudioVersion = 10.0.40219.1
Project("{FAE04EC0-301F-11D3-BF4B-00C04F79EFBC}") = "AOrdenacionSeleccion2", "AOrdenacionSeleccion2\AOrdenacionSeleccion2.csproj", "{64DD7B84-C448-4062-8A98-608CF6B1250D}"
EndProject
Global
	GlobalSection(SolutionConfigurationPlatforms) = preSolution
		Debug|Any CPU = Debug|Any CPU
		Release|Any CPU = Release|Any CPU
	EndGlobalSection
	GlobalSection(ProjectConfigurationPlatforms) = postSolution
		{64DD7B84-C448-4062-8A98-608CF6B1250D}.Debug|Any CPU.ActiveCfg = Debug|Any CPU
		{64DD7B84-C448-4062-8A98-608CF6B1250D}.Debug|Any CPU.Build.0 = Debug|Any CPU
		{64DD7B84-C448-4062-8A98-608CF6B1250D}.Release|Any CPU.ActiveCfg = Release|Any CPU
		{64DD7B84-C448-4062-8A98-608CF6B1250D}.Release|Any CPU.Build.0 = Release|Any CPU
	EndGlobalSection
	GlobalSection(SolutionProperties) = preSolution
		HideSolutionNode = FALSE
	EndGlobalSection
	GlobalSection(ExtensibilityGlobals) = postSolution
		SolutionGuid = {75777A9A-82DB-4A3B-92F8-EBF6F4572304}
	EndGlobalSection
EndGlobal
