
Microsoft Visual Studio Solution File, Format Version 12.00
# Visual Studio Version 16
VisualStudioVersion = 16.0.30406.217
MinimumVisualStudioVersion = 10.0.40219.1
Project("{FAE04EC0-301F-11D3-BF4B-00C04F79EFBC}") = "Ejercicio10Arreglos", "Ejercicio10Arreglos\Ejercicio10Arreglos.csproj", "{09A3B9FC-3BED-4C27-BBFC-720D464E6D5A}"
EndProject
Global
	GlobalSection(SolutionConfigurationPlatforms) = preSolution
		Debug|Any CPU = Debug|Any CPU
		Release|Any CPU = Release|Any CPU
	EndGlobalSection
	GlobalSection(ProjectConfigurationPlatforms) = postSolution
		{09A3B9FC-3BED-4C27-BBFC-720D464E6D5A}.Debug|Any CPU.ActiveCfg = Debug|Any CPU
		{09A3B9FC-3BED-4C27-BBFC-720D464E6D5A}.Debug|Any CPU.Build.0 = Debug|Any CPU
		{09A3B9FC-3BED-4C27-BBFC-720D464E6D5A}.Release|Any CPU.ActiveCfg = Release|Any CPU
		{09A3B9FC-3BED-4C27-BBFC-720D464E6D5A}.Release|Any CPU.Build.0 = Release|Any CPU
	EndGlobalSection
	GlobalSection(SolutionProperties) = preSolution
		HideSolutionNode = FALSE
	EndGlobalSection
	GlobalSection(ExtensibilityGlobals) = postSolution
		SolutionGuid = {7F5CE264-D668-48DB-84F5-7612C106F351}
	EndGlobalSection
EndGlobal
