
Microsoft Visual Studio Solution File, Format Version 12.00
# Visual Studio Version 16
VisualStudioVersion = 16.0.30413.136
MinimumVisualStudioVersion = 10.0.40219.1
Project("{FAE04EC0-301F-11D3-BF4B-00C04F79EFBC}") = "Ejercicio4Estructuras", "Ejercicio4Estructuras\Ejercicio4Estructuras.csproj", "{170E76D9-7819-4A30-A62C-06D500620492}"
EndProject
Global
	GlobalSection(SolutionConfigurationPlatforms) = preSolution
		Debug|Any CPU = Debug|Any CPU
		Release|Any CPU = Release|Any CPU
	EndGlobalSection
	GlobalSection(ProjectConfigurationPlatforms) = postSolution
		{170E76D9-7819-4A30-A62C-06D500620492}.Debug|Any CPU.ActiveCfg = Debug|Any CPU
		{170E76D9-7819-4A30-A62C-06D500620492}.Debug|Any CPU.Build.0 = Debug|Any CPU
		{170E76D9-7819-4A30-A62C-06D500620492}.Release|Any CPU.ActiveCfg = Release|Any CPU
		{170E76D9-7819-4A30-A62C-06D500620492}.Release|Any CPU.Build.0 = Release|Any CPU
	EndGlobalSection
	GlobalSection(SolutionProperties) = preSolution
		HideSolutionNode = FALSE
	EndGlobalSection
	GlobalSection(ExtensibilityGlobals) = postSolution
		SolutionGuid = {F16289AF-930B-4512-8BA8-D2980E327E55}
	EndGlobalSection
EndGlobal
