
Microsoft Visual Studio Solution File, Format Version 12.00
# Visual Studio Version 16
VisualStudioVersion = 16.0.30503.244
MinimumVisualStudioVersion = 10.0.40219.1
Project("{FAE04EC0-301F-11D3-BF4B-00C04F79EFBC}") = "PruebaAlgoritmos", "PruebaAlgoritmos\PruebaAlgoritmos.csproj", "{538B0BF8-9872-4CF9-851F-D89F64614CFE}"
EndProject
Global
	GlobalSection(SolutionConfigurationPlatforms) = preSolution
		Debug|Any CPU = Debug|Any CPU
		Release|Any CPU = Release|Any CPU
	EndGlobalSection
	GlobalSection(ProjectConfigurationPlatforms) = postSolution
		{538B0BF8-9872-4CF9-851F-D89F64614CFE}.Debug|Any CPU.ActiveCfg = Debug|Any CPU
		{538B0BF8-9872-4CF9-851F-D89F64614CFE}.Debug|Any CPU.Build.0 = Debug|Any CPU
		{538B0BF8-9872-4CF9-851F-D89F64614CFE}.Release|Any CPU.ActiveCfg = Release|Any CPU
		{538B0BF8-9872-4CF9-851F-D89F64614CFE}.Release|Any CPU.Build.0 = Release|Any CPU
	EndGlobalSection
	GlobalSection(SolutionProperties) = preSolution
		HideSolutionNode = FALSE
	EndGlobalSection
	GlobalSection(ExtensibilityGlobals) = postSolution
		SolutionGuid = {56A15582-9997-429E-A7F4-E36EE325CE1D}
	EndGlobalSection
EndGlobal
