
Microsoft Visual Studio Solution File, Format Version 12.00
# Visual Studio Version 16
VisualStudioVersion = 16.0.30413.136
MinimumVisualStudioVersion = 10.0.40219.1
Project("{FAE04EC0-301F-11D3-BF4B-00C04F79EFBC}") = "Ejercicio8Estructuras", "Ejercicio8Estructuras\Ejercicio8Estructuras.csproj", "{F3BB6DB8-4551-4F45-BAB3-8A04E454B100}"
EndProject
Global
	GlobalSection(SolutionConfigurationPlatforms) = preSolution
		Debug|Any CPU = Debug|Any CPU
		Release|Any CPU = Release|Any CPU
	EndGlobalSection
	GlobalSection(ProjectConfigurationPlatforms) = postSolution
		{F3BB6DB8-4551-4F45-BAB3-8A04E454B100}.Debug|Any CPU.ActiveCfg = Debug|Any CPU
		{F3BB6DB8-4551-4F45-BAB3-8A04E454B100}.Debug|Any CPU.Build.0 = Debug|Any CPU
		{F3BB6DB8-4551-4F45-BAB3-8A04E454B100}.Release|Any CPU.ActiveCfg = Release|Any CPU
		{F3BB6DB8-4551-4F45-BAB3-8A04E454B100}.Release|Any CPU.Build.0 = Release|Any CPU
	EndGlobalSection
	GlobalSection(SolutionProperties) = preSolution
		HideSolutionNode = FALSE
	EndGlobalSection
	GlobalSection(ExtensibilityGlobals) = postSolution
		SolutionGuid = {389560E5-7E3B-4E47-AC93-3195C5EBD5E5}
	EndGlobalSection
EndGlobal
