
Microsoft Visual Studio Solution File, Format Version 12.00
# Visual Studio Version 16
VisualStudioVersion = 16.0.30621.155
MinimumVisualStudioVersion = 10.0.40219.1
Project("{FAE04EC0-301F-11D3-BF4B-00C04F79EFBC}") = "ABusquedaBinaria", "ABusquedaBinaria\ABusquedaBinaria.csproj", "{9744567F-BF83-4AE3-9FF3-7834B5205D80}"
EndProject
Global
	GlobalSection(SolutionConfigurationPlatforms) = preSolution
		Debug|Any CPU = Debug|Any CPU
		Release|Any CPU = Release|Any CPU
	EndGlobalSection
	GlobalSection(ProjectConfigurationPlatforms) = postSolution
		{9744567F-BF83-4AE3-9FF3-7834B5205D80}.Debug|Any CPU.ActiveCfg = Debug|Any CPU
		{9744567F-BF83-4AE3-9FF3-7834B5205D80}.Debug|Any CPU.Build.0 = Debug|Any CPU
		{9744567F-BF83-4AE3-9FF3-7834B5205D80}.Release|Any CPU.ActiveCfg = Release|Any CPU
		{9744567F-BF83-4AE3-9FF3-7834B5205D80}.Release|Any CPU.Build.0 = Release|Any CPU
	EndGlobalSection
	GlobalSection(SolutionProperties) = preSolution
		HideSolutionNode = FALSE
	EndGlobalSection
	GlobalSection(ExtensibilityGlobals) = postSolution
		SolutionGuid = {6FEAF53B-A8A3-4B55-AF88-16475237A4A6}
	EndGlobalSection
EndGlobal
