
Microsoft Visual Studio Solution File, Format Version 12.00
# Visual Studio Version 16
VisualStudioVersion = 16.0.30523.141
MinimumVisualStudioVersion = 10.0.40219.1
Project("{FAE04EC0-301F-11D3-BF4B-00C04F79EFBC}") = "AOrdenacionBurbuja2", "AOrdenacionBurbuja2\AOrdenacionBurbuja2.csproj", "{9BA97E87-2D52-4CF4-8BEB-A8B740535A11}"
EndProject
Global
	GlobalSection(SolutionConfigurationPlatforms) = preSolution
		Debug|Any CPU = Debug|Any CPU
		Release|Any CPU = Release|Any CPU
	EndGlobalSection
	GlobalSection(ProjectConfigurationPlatforms) = postSolution
		{9BA97E87-2D52-4CF4-8BEB-A8B740535A11}.Debug|Any CPU.ActiveCfg = Debug|Any CPU
		{9BA97E87-2D52-4CF4-8BEB-A8B740535A11}.Debug|Any CPU.Build.0 = Debug|Any CPU
		{9BA97E87-2D52-4CF4-8BEB-A8B740535A11}.Release|Any CPU.ActiveCfg = Release|Any CPU
		{9BA97E87-2D52-4CF4-8BEB-A8B740535A11}.Release|Any CPU.Build.0 = Release|Any CPU
	EndGlobalSection
	GlobalSection(SolutionProperties) = preSolution
		HideSolutionNode = FALSE
	EndGlobalSection
	GlobalSection(ExtensibilityGlobals) = postSolution
		SolutionGuid = {345421C6-8C17-4DAD-AFF8-EB3D12D6DC1C}
	EndGlobalSection
EndGlobal
