
Microsoft Visual Studio Solution File, Format Version 12.00
# Visual Studio Version 16
VisualStudioVersion = 16.0.30611.23
MinimumVisualStudioVersion = 10.0.40219.1
Project("{FAE04EC0-301F-11D3-BF4B-00C04F79EFBC}") = "AOrdenacionRadixv1", "AOrdenacionRadixv1\AOrdenacionRadixv1.csproj", "{ADB658A9-80C2-4EDA-BF67-D4C3BDEFE4C1}"
EndProject
Global
	GlobalSection(SolutionConfigurationPlatforms) = preSolution
		Debug|Any CPU = Debug|Any CPU
		Release|Any CPU = Release|Any CPU
	EndGlobalSection
	GlobalSection(ProjectConfigurationPlatforms) = postSolution
		{ADB658A9-80C2-4EDA-BF67-D4C3BDEFE4C1}.Debug|Any CPU.ActiveCfg = Debug|Any CPU
		{ADB658A9-80C2-4EDA-BF67-D4C3BDEFE4C1}.Debug|Any CPU.Build.0 = Debug|Any CPU
		{ADB658A9-80C2-4EDA-BF67-D4C3BDEFE4C1}.Release|Any CPU.ActiveCfg = Release|Any CPU
		{ADB658A9-80C2-4EDA-BF67-D4C3BDEFE4C1}.Release|Any CPU.Build.0 = Release|Any CPU
	EndGlobalSection
	GlobalSection(SolutionProperties) = preSolution
		HideSolutionNode = FALSE
	EndGlobalSection
	GlobalSection(ExtensibilityGlobals) = postSolution
		SolutionGuid = {D1F61F2E-BBE8-4A06-A0FC-971945FD80E0}
	EndGlobalSection
EndGlobal
