
Microsoft Visual Studio Solution File, Format Version 12.00
# Visual Studio Version 16
VisualStudioVersion = 16.0.30503.244
MinimumVisualStudioVersion = 10.0.40219.1
Project("{FAE04EC0-301F-11D3-BF4B-00C04F79EFBC}") = "AOrdenacionBurbujaMejorado", "AOrdenacionBurbujaMejorado\AOrdenacionBurbujaMejorado.csproj", "{114C5E54-655B-4ACA-9954-454060A2D6DB}"
EndProject
Global
	GlobalSection(SolutionConfigurationPlatforms) = preSolution
		Debug|Any CPU = Debug|Any CPU
		Release|Any CPU = Release|Any CPU
	EndGlobalSection
	GlobalSection(ProjectConfigurationPlatforms) = postSolution
		{114C5E54-655B-4ACA-9954-454060A2D6DB}.Debug|Any CPU.ActiveCfg = Debug|Any CPU
		{114C5E54-655B-4ACA-9954-454060A2D6DB}.Debug|Any CPU.Build.0 = Debug|Any CPU
		{114C5E54-655B-4ACA-9954-454060A2D6DB}.Release|Any CPU.ActiveCfg = Release|Any CPU
		{114C5E54-655B-4ACA-9954-454060A2D6DB}.Release|Any CPU.Build.0 = Release|Any CPU
	EndGlobalSection
	GlobalSection(SolutionProperties) = preSolution
		HideSolutionNode = FALSE
	EndGlobalSection
	GlobalSection(ExtensibilityGlobals) = postSolution
		SolutionGuid = {DB8760DC-E94C-4949-BCF7-CFE09F0C196E}
	EndGlobalSection
EndGlobal
