
Microsoft Visual Studio Solution File, Format Version 12.00
# Visual Studio Version 16
VisualStudioVersion = 16.0.30611.23
MinimumVisualStudioVersion = 10.0.40219.1
Project("{FAE04EC0-301F-11D3-BF4B-00C04F79EFBC}") = "AOrdenacionMezcla", "AOrdenacionMezcla\AOrdenacionMezcla.csproj", "{629ED0EF-1D35-4E29-B8FD-91C96F8F729E}"
EndProject
Global
	GlobalSection(SolutionConfigurationPlatforms) = preSolution
		Debug|Any CPU = Debug|Any CPU
		Release|Any CPU = Release|Any CPU
	EndGlobalSection
	GlobalSection(ProjectConfigurationPlatforms) = postSolution
		{629ED0EF-1D35-4E29-B8FD-91C96F8F729E}.Debug|Any CPU.ActiveCfg = Debug|Any CPU
		{629ED0EF-1D35-4E29-B8FD-91C96F8F729E}.Debug|Any CPU.Build.0 = Debug|Any CPU
		{629ED0EF-1D35-4E29-B8FD-91C96F8F729E}.Release|Any CPU.ActiveCfg = Release|Any CPU
		{629ED0EF-1D35-4E29-B8FD-91C96F8F729E}.Release|Any CPU.Build.0 = Release|Any CPU
	EndGlobalSection
	GlobalSection(SolutionProperties) = preSolution
		HideSolutionNode = FALSE
	EndGlobalSection
	GlobalSection(ExtensibilityGlobals) = postSolution
		SolutionGuid = {DC58B23F-382E-4C4E-9A8E-AFC9A3937B31}
	EndGlobalSection
EndGlobal
